
Microsoft Visual Studio Solution File, Format Version 12.00
# Visual Studio Version 17
VisualStudioVersion = 17.1.32228.430
MinimumVisualStudioVersion = 10.0.40219.1
Project("{8BC9CEB8-8B4A-11D0-8D11-00A0C91BC942}") = "GameEngine", "GameEngine\GameEngine.vcxproj", "{BB15EBF9-31BB-46E6-9BE6-2C0FA98DBC83}"
EndProject
Project("{2150E333-8FDC-42A3-9474-1A3956D46DE8}") = "Level0", "Level0", "{6E35C640-F19C-4301-9489-4E862D7E2981}"
EndProject
Project("{2150E333-8FDC-42A3-9474-1A3956D46DE8}") = "Level1", "Level1", "{B8D9CCAE-3702-4C48-8285-E0257DD114B8}"
EndProject
Project("{2150E333-8FDC-42A3-9474-1A3956D46DE8}") = "Level2", "Level2", "{7A895313-E8AE-4532-A14F-2B35DAD8BDD1}"
EndProject
Project("{2150E333-8FDC-42A3-9474-1A3956D46DE8}") = "Level3", "Level3", "{062AB535-47D4-4760-B056-C8696C26C45C}"
EndProject
Project("{8BC9CEB8-8B4A-11D0-8D11-00A0C91BC942}") = "GameEngineBase", "GameEngineBase\GameEngineBase.vcxproj", "{16698C74-E552-4B81-991A-96D093DD2074}"
EndProject
Project("{8BC9CEB8-8B4A-11D0-8D11-00A0C91BC942}") = "GameEngineContents", "GameEngineContents\GameEngineContents.vcxproj", "{DD3D04AD-82AB-423D-998C-2377D0014150}"
EndProject
Project("{8BC9CEB8-8B4A-11D0-8D11-00A0C91BC942}") = "GameApp", "GameApp\GameApp.vcxproj", "{11A5B48F-81FB-4D27-BCDD-321057F3146F}"
EndProject
Global
	GlobalSection(SolutionConfigurationPlatforms) = preSolution
		Debug|x64 = Debug|x64
		Debug|x86 = Debug|x86
		Release|x64 = Release|x64
		Release|x86 = Release|x86
	EndGlobalSection
	GlobalSection(ProjectConfigurationPlatforms) = postSolution
		{BB15EBF9-31BB-46E6-9BE6-2C0FA98DBC83}.Debug|x64.ActiveCfg = Debug|x64
		{BB15EBF9-31BB-46E6-9BE6-2C0FA98DBC83}.Debug|x64.Build.0 = Debug|x64
		{BB15EBF9-31BB-46E6-9BE6-2C0FA98DBC83}.Debug|x86.ActiveCfg = Debug|Win32
		{BB15EBF9-31BB-46E6-9BE6-2C0FA98DBC83}.Debug|x86.Build.0 = Debug|Win32
		{BB15EBF9-31BB-46E6-9BE6-2C0FA98DBC83}.Release|x64.ActiveCfg = Release|x64
		{BB15EBF9-31BB-46E6-9BE6-2C0FA98DBC83}.Release|x64.Build.0 = Release|x64
		{BB15EBF9-31BB-46E6-9BE6-2C0FA98DBC83}.Release|x86.ActiveCfg = Release|Win32
		{BB15EBF9-31BB-46E6-9BE6-2C0FA98DBC83}.Release|x86.Build.0 = Release|Win32
		{16698C74-E552-4B81-991A-96D093DD2074}.Debug|x64.ActiveCfg = Debug|x64
		{16698C74-E552-4B81-991A-96D093DD2074}.Debug|x64.Build.0 = Debug|x64
		{16698C74-E552-4B81-991A-96D093DD2074}.Debug|x86.ActiveCfg = Debug|Win32
		{16698C74-E552-4B81-991A-96D093DD2074}.Debug|x86.Build.0 = Debug|Win32
		{16698C74-E552-4B81-991A-96D093DD2074}.Release|x64.ActiveCfg = Release|x64
		{16698C74-E552-4B81-991A-96D093DD2074}.Release|x64.Build.0 = Release|x64
		{16698C74-E552-4B81-991A-96D093DD2074}.Release|x86.ActiveCfg = Release|Win32
		{16698C74-E552-4B81-991A-96D093DD2074}.Release|x86.Build.0 = Release|Win32
		{DD3D04AD-82AB-423D-998C-2377D0014150}.Debug|x64.ActiveCfg = Debug|x64
		{DD3D04AD-82AB-423D-998C-2377D0014150}.Debug|x64.Build.0 = Debug|x64
		{DD3D04AD-82AB-423D-998C-2377D0014150}.Debug|x86.ActiveCfg = Debug|Win32
		{DD3D04AD-82AB-423D-998C-2377D0014150}.Debug|x86.Build.0 = Debug|Win32
		{DD3D04AD-82AB-423D-998C-2377D0014150}.Release|x64.ActiveCfg = Release|x64
		{DD3D04AD-82AB-423D-998C-2377D0014150}.Release|x64.Build.0 = Release|x64
		{DD3D04AD-82AB-423D-998C-2377D0014150}.Release|x86.ActiveCfg = Release|Win32
		{DD3D04AD-82AB-423D-998C-2377D0014150}.Release|x86.Build.0 = Release|Win32
		{11A5B48F-81FB-4D27-BCDD-321057F3146F}.Debug|x64.ActiveCfg = Debug|x64
		{11A5B48F-81FB-4D27-BCDD-321057F3146F}.Debug|x64.Build.0 = Debug|x64
		{11A5B48F-81FB-4D27-BCDD-321057F3146F}.Debug|x86.ActiveCfg = Debug|Win32
		{11A5B48F-81FB-4D27-BCDD-321057F3146F}.Debug|x86.Build.0 = Debug|Win32
		{11A5B48F-81FB-4D27-BCDD-321057F3146F}.Release|x64.ActiveCfg = Release|x64
		{11A5B48F-81FB-4D27-BCDD-321057F3146F}.Release|x64.Build.0 = Release|x64
		{11A5B48F-81FB-4D27-BCDD-321057F3146F}.Release|x86.ActiveCfg = Release|Win32
		{11A5B48F-81FB-4D27-BCDD-321057F3146F}.Release|x86.Build.0 = Release|Win32
	EndGlobalSection
	GlobalSection(SolutionProperties) = preSolution
		HideSolutionNode = FALSE
	EndGlobalSection
	GlobalSection(NestedProjects) = preSolution
		{BB15EBF9-31BB-46E6-9BE6-2C0FA98DBC83} = {B8D9CCAE-3702-4C48-8285-E0257DD114B8}
		{16698C74-E552-4B81-991A-96D093DD2074} = {6E35C640-F19C-4301-9489-4E862D7E2981}
		{DD3D04AD-82AB-423D-998C-2377D0014150} = {7A895313-E8AE-4532-A14F-2B35DAD8BDD1}
		{11A5B48F-81FB-4D27-BCDD-321057F3146F} = {062AB535-47D4-4760-B056-C8696C26C45C}
	EndGlobalSection
	GlobalSection(ExtensibilityGlobals) = postSolution
		SolutionGuid = {04031EAD-D783-4572-B31B-499F1DE8FD47}
	EndGlobalSection
EndGlobal
