<?xml version="1.0" encoding="utf-8"?>
<Project ToolsVersion="4.0" xmlns="http://schemas.microsoft.com/developer/msbuild/2003">
  <ItemGroup>
    <ClInclude Include="TitleLevel.h">
      <Filter>Level</Filter>
    </ClInclude>
    <ClInclude Include="PackMan.h" />
    <ClInclude Include="EndingLevel.h">
      <Filter>Level</Filter>
    </ClInclude>
    <ClInclude Include="FirstMazeLevel.h">
      <Filter>Level</Filter>
    </ClInclude>
    <ClInclude Include="SecondMazeLevel.h">
      <Filter>Level</Filter>
    </ClInclude>
    <ClInclude Include="ThirdMazeLevel.h">
      <Filter>Level</Filter>
    </ClInclude>
  </ItemGroup>
  <ItemGroup>
    <ClCompile Include="TitleLevel.cpp">
      <Filter>Level</Filter>
    </ClCompile>
    <ClCompile Include="PackMan.cpp" />
    <ClCompile Include="EndingLevel.cpp">
      <Filter>Level</Filter>
    </ClCompile>
    <ClCompile Include="FirstMazeLevel.cpp">
      <Filter>Level</Filter>
    </ClCompile>
    <ClCompile Include="SecondMazeLevel.cpp">
      <Filter>Level</Filter>
    </ClCompile>
    <ClCompile Include="ThirdMazeLevel.cpp">
      <Filter>Level</Filter>
    </ClCompile>
  </ItemGroup>
  <ItemGroup>
    <Filter Include="Level">
      <UniqueIdentifier>{1701ab93-000d-45d7-979e-430463bad349}</UniqueIdentifier>
    </Filter>
  </ItemGroup>
</Project>